
Microsoft Visual Studio Solution File, Format Version 12.00
# Visual Studio 14
VisualStudioVersion = 14.0.25420.1
MinimumVisualStudioVersion = 10.0.40219.1
Project("{2150E333-8FDC-42A3-9474-1A3956D46DE8}") = "src", "src", "{190A6DF0-09D2-4E25-AFED-5B7143441E45}"
EndProject
Project("{2150E333-8FDC-42A3-9474-1A3956D46DE8}") = "test", "test", "{FA49D3F7-E2E4-41EC-A1D5-3C3140FC917A}"
EndProject
Project("{8BB2217D-0F2D-49D1-97BC-3654ED321F3B}") = "Nito.Cancellation", "src\Nito.Cancellation\Nito.Cancellation.xproj", "{D7AB5ED8-1B5B-468B-A3BA-8D15DC81EEAC}"
EndProject
Project("{8BB2217D-0F2D-49D1-97BC-3654ED321F3B}") = "UnitTests", "test\UnitTests\UnitTests.xproj", "{69835B82-BC52-4A97-AA51-276EE69DBAC9}"
EndProject
Project("{2150E333-8FDC-42A3-9474-1A3956D46DE8}") = "Solution Items", "Solution Items", "{2763A84F-E2CF-4E07-B0B2-0C413D35D2E7}"
	ProjectSection(SolutionItems) = preProject
		appveyor.yml = appveyor.yml
		Build.ps1 = Build.ps1
		Coverage.ps1 = Coverage.ps1
		global.json = global.json
	EndProjectSection
EndProject
Global
	GlobalSection(SolutionConfigurationPlatforms) = preSolution
		Debug|Any CPU = Debug|Any CPU
		Release|Any CPU = Release|Any CPU
	EndGlobalSection
	GlobalSection(ProjectConfigurationPlatforms) = postSolution
		{D7AB5ED8-1B5B-468B-A3BA-8D15DC81EEAC}.Debug|Any CPU.ActiveCfg = Debug|Any CPU
		{D7AB5ED8-1B5B-468B-A3BA-8D15DC81EEAC}.Debug|Any CPU.Build.0 = Debug|Any CPU
		{D7AB5ED8-1B5B-468B-A3BA-8D15DC81EEAC}.Release|Any CPU.ActiveCfg = Release|Any CPU
		{D7AB5ED8-1B5B-468B-A3BA-8D15DC81EEAC}.Release|Any CPU.Build.0 = Release|Any CPU
		{69835B82-BC52-4A97-AA51-276EE69DBAC9}.Debug|Any CPU.ActiveCfg = Debug|Any CPU
		{69835B82-BC52-4A97-AA51-276EE69DBAC9}.Debug|Any CPU.Build.0 = Debug|Any CPU
		{69835B82-BC52-4A97-AA51-276EE69DBAC9}.Release|Any CPU.ActiveCfg = Release|Any CPU
		{69835B82-BC52-4A97-AA51-276EE69DBAC9}.Release|Any CPU.Build.0 = Release|Any CPU
	EndGlobalSection
	GlobalSection(SolutionProperties) = preSolution
		HideSolutionNode = FALSE
	EndGlobalSection
	GlobalSection(NestedProjects) = preSolution
		{D7AB5ED8-1B5B-468B-A3BA-8D15DC81EEAC} = {190A6DF0-09D2-4E25-AFED-5B7143441E45}
		{69835B82-BC52-4A97-AA51-276EE69DBAC9} = {FA49D3F7-E2E4-41EC-A1D5-3C3140FC917A}
	EndGlobalSection
EndGlobal
